
Microsoft Visual Studio Solution File, Format Version 12.00
Project("{FAE04EC0-301F-11D3-BF4B-00C04F79EFBC}") = "FinancePlatform.API", "FinancePlatform.API\FinancePlatform.API.csproj", "{4B73FE3C-4E85-4B0E-877C-B556F90DF801}"
EndProject
Project("{FAE04EC0-301F-11D3-BF4B-00C04F79EFBC}") = "FinancePlatform.Application", "FinancePlatform.Application\FinancePlatform.Application.csproj", "{A3AFC4ED-7978-4F90-9094-A667E227D297}"
EndProject
Project("{FAE04EC0-301F-11D3-BF4B-00C04F79EFBC}") = "FinancePlatform.Domain", "FinancePlatform.Domain\FinancePlatform.Domain.csproj", "{B76108AF-03D3-467D-8E95-D312F169BC08}"
EndProject
Project("{FAE04EC0-301F-11D3-BF4B-00C04F79EFBC}") = "FinancePlatform.Infrastructure", "FinancePlatform.Infrastructure\FinancePlatform.Infrastructure.csproj", "{C6737F2F-0CFC-4A2C-A5FD-77810F50B657}"
EndProject
Global
	GlobalSection(SolutionConfigurationPlatforms) = preSolution
		Debug|Any CPU = Debug|Any CPU
		Release|Any CPU = Release|Any CPU
	EndGlobalSection
	GlobalSection(ProjectConfigurationPlatforms) = postSolution
		{4B73FE3C-4E85-4B0E-877C-B556F90DF801}.Debug|Any CPU.ActiveCfg = Debug|Any CPU
		{4B73FE3C-4E85-4B0E-877C-B556F90DF801}.Debug|Any CPU.Build.0 = Debug|Any CPU
		{4B73FE3C-4E85-4B0E-877C-B556F90DF801}.Release|Any CPU.ActiveCfg = Release|Any CPU
		{4B73FE3C-4E85-4B0E-877C-B556F90DF801}.Release|Any CPU.Build.0 = Release|Any CPU
		{A3AFC4ED-7978-4F90-9094-A667E227D297}.Debug|Any CPU.ActiveCfg = Debug|Any CPU
		{A3AFC4ED-7978-4F90-9094-A667E227D297}.Debug|Any CPU.Build.0 = Debug|Any CPU
		{A3AFC4ED-7978-4F90-9094-A667E227D297}.Release|Any CPU.ActiveCfg = Release|Any CPU
		{A3AFC4ED-7978-4F90-9094-A667E227D297}.Release|Any CPU.Build.0 = Release|Any CPU
		{B76108AF-03D3-467D-8E95-D312F169BC08}.Debug|Any CPU.ActiveCfg = Debug|Any CPU
		{B76108AF-03D3-467D-8E95-D312F169BC08}.Debug|Any CPU.Build.0 = Debug|Any CPU
		{B76108AF-03D3-467D-8E95-D312F169BC08}.Release|Any CPU.ActiveCfg = Release|Any CPU
		{B76108AF-03D3-467D-8E95-D312F169BC08}.Release|Any CPU.Build.0 = Release|Any CPU
		{C6737F2F-0CFC-4A2C-A5FD-77810F50B657}.Debug|Any CPU.ActiveCfg = Debug|Any CPU
		{C6737F2F-0CFC-4A2C-A5FD-77810F50B657}.Debug|Any CPU.Build.0 = Debug|Any CPU
		{C6737F2F-0CFC-4A2C-A5FD-77810F50B657}.Release|Any CPU.ActiveCfg = Release|Any CPU
		{C6737F2F-0CFC-4A2C-A5FD-77810F50B657}.Release|Any CPU.Build.0 = Release|Any CPU
	EndGlobalSection
EndGlobal
